Microsoft Visual Studio Solution File, Format Version 11.00
# Visual Studio 2008

Project("{74E1FE0C-84DE-9BF7-6054-158105891CD8}") = "D3VF3ST", "Assembly-CSharp-firstpass-vs.csproj", "{CA561AD7-BC56-1A36-5ED2-3CA8689F218E}"
EndProject
Project("{74E1FE0C-84DE-9BF7-6054-158105891CD8}") = "D3VF3ST", "Assembly-CSharp-vs.csproj", "{E9912528-B40F-F23D-3A5C-A6DB46BB1255}"
EndProject
Project("{74E1FE0C-84DE-9BF7-6054-158105891CD8}") = "D3VF3ST", "Assembly-CSharp-Editor-vs.csproj", "{67F81562-CF08-84BC-66BE-5C9810F6C640}"
EndProject
Global
	GlobalSection(SolutionConfigurationPlatforms) = preSolution
		Debug|Any CPU = Debug|Any CPU
		Release|Any CPU = Release|Any CPU
	EndGlobalSection
	GlobalSection(ProjectConfigurationPlatforms) = postSolution
		{CA561AD7-BC56-1A36-5ED2-3CA8689F218E}.Debug|Any CPU.ActiveCfg = Debug|Any CPU
		{CA561AD7-BC56-1A36-5ED2-3CA8689F218E}.Debug|Any CPU.Build.0 = Debug|Any CPU
		{CA561AD7-BC56-1A36-5ED2-3CA8689F218E}.Release|Any CPU.ActiveCfg = Release|Any CPU
		{CA561AD7-BC56-1A36-5ED2-3CA8689F218E}.Release|Any CPU.Build.0 = Release|Any CPU
		{E9912528-B40F-F23D-3A5C-A6DB46BB1255}.Debug|Any CPU.ActiveCfg = Debug|Any CPU
		{E9912528-B40F-F23D-3A5C-A6DB46BB1255}.Debug|Any CPU.Build.0 = Debug|Any CPU
		{E9912528-B40F-F23D-3A5C-A6DB46BB1255}.Release|Any CPU.ActiveCfg = Release|Any CPU
		{E9912528-B40F-F23D-3A5C-A6DB46BB1255}.Release|Any CPU.Build.0 = Release|Any CPU
		{67F81562-CF08-84BC-66BE-5C9810F6C640}.Debug|Any CPU.ActiveCfg = Debug|Any CPU
		{67F81562-CF08-84BC-66BE-5C9810F6C640}.Debug|Any CPU.Build.0 = Debug|Any CPU
		{67F81562-CF08-84BC-66BE-5C9810F6C640}.Release|Any CPU.ActiveCfg = Release|Any CPU
		{67F81562-CF08-84BC-66BE-5C9810F6C640}.Release|Any CPU.Build.0 = Release|Any CPU
	EndGlobalSection
	GlobalSection(SolutionProperties) = preSolution
		HideSolutionNode = FALSE
	EndGlobalSection
																																																																																																																																																																																																						GlobalSection(MonoDevelopProperties) = preSolution
		StartupItem = Assembly-CSharp.csproj
		Policies = $0
		$0.TextStylePolicy = $1
		$1.inheritsSet = null
		$1.scope = text/x-csharp
		$0.CSharpFormattingPolicy = $2
		$2.inheritsSet = Mono
		$2.inheritsScope = text/x-csharp
		$2.scope = text/x-csharp
		$0.TextStylePolicy = $3
		$3.FileWidth = 120
		$3.TabWidth = 4
		$3.EolMarker = Unix
		$3.inheritsSet = Mono
		$3.inheritsScope = text/plain
		$3.scope = text/plain
	EndGlobalSection

EndGlobal
